<?xml version="1.0" encoding="utf-8"?>
<Project ToolsVersion="4.0" xmlns="http://schemas.microsoft.com/developer/msbuild/2003">
  <ItemGroup>
    <ClCompile Include="Main.cpp" />
    <ClCompile Include="base_io.cpp" />
    <ClCompile Include="core.cpp" />
    <ClCompile Include="buffer_io.cpp" />
    <ClCompile Include="process_pool.cpp" />
    <ClCompile Include="process_pool_test.cpp" />
    <ClCompile Include="thread_pool.cpp" />
    <ClCompile Include="web_server.cpp" />
    <ClCompile Include="thread_pool_test.cpp" />
    <ClCompile Include="smart_pointer.cpp" />
    <ClCompile Include="rpc.cpp" />
    <ClCompile Include="Main_test.cpp" />
    <ClCompile Include="timer.cpp" />
  </ItemGroup>
  <ItemGroup>
    <ClInclude Include="base_io.h" />
    <ClInclude Include="core.h" />
    <ClInclude Include="buffer_io.h" />
    <ClInclude Include="process_pool.h" />
    <ClInclude Include="process_pool_test.h" />
    <ClInclude Include="thread_pool.h" />
    <ClInclude Include="web_server.h" />
    <ClInclude Include="thread_pool_test.h" />
    <ClInclude Include="smart_pointer.h" />
    <ClInclude Include="rpc.h" />
    <ClInclude Include="timer.h" />
  </ItemGroup>
</Project>